
Microsoft Visual Studio Solution File, Format Version 12.00
# Visual Studio Version 16
VisualStudioVersion = 16.0.30621.155
MinimumVisualStudioVersion = 10.0.40219.1
Project("{FAE04EC0-301F-11D3-BF4B-00C04F79EFBC}") = "Test_WindowsService", "Test_WindowsService\Test_WindowsService.csproj", "{F74B6ACB-559C-489B-BFB5-2B006E6D744C}"
EndProject
Project("{FAE04EC0-301F-11D3-BF4B-00C04F79EFBC}") = "Test_Library", "Test_Library\Test_Library.csproj", "{64F8FB7E-D3F9-490E-8AE9-B0C766EA90C0}"
EndProject
Global
	GlobalSection(SolutionConfigurationPlatforms) = preSolution
		Debug|Any CPU = Debug|Any CPU
		Release|Any CPU = Release|Any CPU
	EndGlobalSection
	GlobalSection(ProjectConfigurationPlatforms) = postSolution
		{F74B6ACB-559C-489B-BFB5-2B006E6D744C}.Debug|Any CPU.ActiveCfg = Debug|Any CPU
		{F74B6ACB-559C-489B-BFB5-2B006E6D744C}.Debug|Any CPU.Build.0 = Debug|Any CPU
		{F74B6ACB-559C-489B-BFB5-2B006E6D744C}.Release|Any CPU.ActiveCfg = Release|Any CPU
		{F74B6ACB-559C-489B-BFB5-2B006E6D744C}.Release|Any CPU.Build.0 = Release|Any CPU
		{64F8FB7E-D3F9-490E-8AE9-B0C766EA90C0}.Debug|Any CPU.ActiveCfg = Debug|Any CPU
		{64F8FB7E-D3F9-490E-8AE9-B0C766EA90C0}.Debug|Any CPU.Build.0 = Debug|Any CPU
		{64F8FB7E-D3F9-490E-8AE9-B0C766EA90C0}.Release|Any CPU.ActiveCfg = Release|Any CPU
		{64F8FB7E-D3F9-490E-8AE9-B0C766EA90C0}.Release|Any CPU.Build.0 = Release|Any CPU
	EndGlobalSection
	GlobalSection(SolutionProperties) = preSolution
		HideSolutionNode = FALSE
	EndGlobalSection
	GlobalSection(ExtensibilityGlobals) = postSolution
		SolutionGuid = {BE5E7949-4EC6-4CF3-9490-BC51B2400B76}
	EndGlobalSection
EndGlobal
